
Microsoft Visual Studio Solution File, Format Version 12.00
# Visual Studio Version 17
VisualStudioVersion = 17.9.34902.65
MinimumVisualStudioVersion = 10.0.40219.1
Project("{FAE04EC0-301F-11D3-BF4B-00C04F79EFBC}") = "Ex011", "Ex011.csproj", "{18313E1B-4B4F-4110-A94E-8DE7A4BF9B63}"
EndProject
Global
	GlobalSection(SolutionConfigurationPlatforms) = preSolution
		Debug|Any CPU = Debug|Any CPU
		Release|Any CPU = Release|Any CPU
	EndGlobalSection
	GlobalSection(ProjectConfigurationPlatforms) = postSolution
		{18313E1B-4B4F-4110-A94E-8DE7A4BF9B63}.Debug|Any CPU.ActiveCfg = Debug|Any CPU
		{18313E1B-4B4F-4110-A94E-8DE7A4BF9B63}.Debug|Any CPU.Build.0 = Debug|Any CPU
		{18313E1B-4B4F-4110-A94E-8DE7A4BF9B63}.Release|Any CPU.ActiveCfg = Release|Any CPU
		{18313E1B-4B4F-4110-A94E-8DE7A4BF9B63}.Release|Any CPU.Build.0 = Release|Any CPU
	EndGlobalSection
	GlobalSection(SolutionProperties) = preSolution
		HideSolutionNode = FALSE
	EndGlobalSection
	GlobalSection(ExtensibilityGlobals) = postSolution
		SolutionGuid = {66DDE9BB-DFC7-4552-80F3-5A97143DA2D0}
	EndGlobalSection
EndGlobal
