
Microsoft Visual Studio Solution File, Format Version 12.00
# Visual Studio Version 17
VisualStudioVersion = 17.9.34902.65
MinimumVisualStudioVersion = 10.0.40219.1
Project("{FAE04EC0-301F-11D3-BF4B-00C04F79EFBC}") = "pooFrases", "pooFrases.csproj", "{B991FB70-9150-443E-89CA-903897ACD27D}"
EndProject
Global
	GlobalSection(SolutionConfigurationPlatforms) = preSolution
		Debug|Any CPU = Debug|Any CPU
		Release|Any CPU = Release|Any CPU
	EndGlobalSection
	GlobalSection(ProjectConfigurationPlatforms) = postSolution
		{B991FB70-9150-443E-89CA-903897ACD27D}.Debug|Any CPU.ActiveCfg = Debug|Any CPU
		{B991FB70-9150-443E-89CA-903897ACD27D}.Debug|Any CPU.Build.0 = Debug|Any CPU
		{B991FB70-9150-443E-89CA-903897ACD27D}.Release|Any CPU.ActiveCfg = Release|Any CPU
		{B991FB70-9150-443E-89CA-903897ACD27D}.Release|Any CPU.Build.0 = Release|Any CPU
	EndGlobalSection
	GlobalSection(SolutionProperties) = preSolution
		HideSolutionNode = FALSE
	EndGlobalSection
	GlobalSection(ExtensibilityGlobals) = postSolution
		SolutionGuid = {82734670-C87E-4FFB-9C39-EFA6B90E15D4}
	EndGlobalSection
EndGlobal
